github.com/Nikita-Filonov/axiom v0.6.0 h1:BwshfHJY8PTpenB4rZiriIi5ygshF5vh+HgZ9lAUD6U=
github.com/Nikita-Filonov/axiom v0.6.0/go.mod h1:XwfgpbN/nSxAI51yXV7HTtw2hJvtZr9bGWB2NrBQTDk=
github.com/Nikita-Filonov/axiom/plugins/testallure v0.4.0 h1:D+kEwDM5W1caW2iaO7P1+xceTbFPGCjijx4UQ9ckelI=
github.com/Nikita-Filonov/axiom/plugins/testallure v0.4.0/go.mod h1:Gl2WW3kZd9RaO/4gvwcGNKwcfVpxU/Ujcns+Jbbq74k=
github.com/Nikita-Filonov/axiom/plugins/testlogger v0.3.0 h1:DaSy+mVUOhs28NNQ2tFKJA8yG6VujrE9Jlo9yQdk+fY=
github.com/Nikita-Filonov/axiom/plugins/testlogger v0.3.0/go.mod h1:5cpnKHyslEGhI1N5V9kaWdWYsD073rMQ81yFj7emQXM=
github.com/Nikita-Filonov/axiom/plugins/teststats v0.4.0 h1:tgvsH0lxjepbp5YzE0HpF2XNwed2gSYnbDd5gOin3v4=
github.com/Nikita-Filonov/axiom/plugins/teststats v0.4.0/go.mod h1:mT5JGhY44XQjzdo7fRHVSvvz1rkJOVrDa7CV3ct2vdQ=
github.com/Nikita-Filonov/axiom/plugins/testtags v0.4.0 h1:Y6xDoQilJnjcd5a1j40D3ZhpMjM/imaWR7nesPxsXjs=
github.com/Nikita-Filonov/axiom/plugins/testtags v0.4.0/go.mod h1:cBLeRk22B9hdsRgOMd905O3bCTvcgwd0m6Fn3MOipSo=
github.com/brianvoe/gofakeit/v6 v6.28.0 h1:Xib46XXuQfmlLS2EXRuJpqcw8St6qSZz75OUo0tgAW4=
github.com/brianvoe/gofakeit/v6 v6.28.0/go.mod h1:Xj58BMSnFqcn/fAQeSK+/PLtC5kSb7FJIq4JyGa8vEs=
github.com/dailymotion/allure-go v0.9.0 h1:NZhMzoHx1bdw3aSZc8H9b85c61ySzRZi2YxIClLQ/Nk=
github.com/dailymotion/allure-go v0.9.0/go.mod h1:4pYoSvscIDokMkNWJHJ9cvBfLmeW/pFvp9Y+LHvnPco=
github.com/davecgh/go-spew v1.1.1 h1:vj9j/u1bqnvCEfJOwUhtlOARqs3+rkHYY13jYWTU97c=
github.com/davecgh/go-spew v1.1.1/go.mod h1:J7Y8YcW2NihsgmVo/mv3lAwl/skON4iLHjSsI+c5H38=
github.com/fatih/camelcase v1.0.0 h1:hxNvNX/xYBp0ovncs8WyWZrOrpBNub/JfaMvbURyft8=
github.com/fatih/camelcase v1.0.0/go.mod h1:yN2Sb0lFhZJUdVvtELVWefmrXpuZESvPmqwoZc+/fpc=
github.com/go-resty/resty/v2 v2.17.0 h1:pW9DeXcaL4Rrym4EZ8v7L19zZiIlWPg5YXAcVmt+gN0=
github.com/go-resty/resty/v2 v2.17.0/go.mod h1:kCKZ3wWmwJaNc7S29BRtUhJwy7iqmn+2mLtQrOyQlVA=
github.com/gopherjs/gopherjs v0.0.0-20190915194858-d3ddacdb130f/go.mod h1:wJfORRmW1u3UXTncJ5qlYoELFm8eSnnEO6hX4iZ3EWY=
github.com/gopherjs/gopherjs v1.17.2 h1:fQnZVsXk8uxXIStYb0N4bGk7jeyTalG/wsZjQ25dO0g=
github.com/gopherjs/gopherjs v1.17.2/go.mod h1:pRRIvn/QzFLrKfvEz3qUuEhtE/zLCWfreZ6J5gM2i+k=
github.com/jtolds/gls v4.20.0+incompatible h1:xdiiI2gbIgH/gLH7ADydsJ1uDOEzR8yvV7C0MuV77Wo=
github.com/jtolds/gls v4.20.0+incompatible/go.mod h1:QJZ7F/aHp+rZTRtaJ1ow/lLfFfVYBRgL+9YlvaHOwJU=
github.com/pkg/errors v0.8.1/go.mod h1:bwawxfHBFNV+L2hUp1rHADufV3IMtnDRdf1r5NINEl0=
github.com/pkg/errors v0.9.1 h1:FEBLx1zS214owpjy7qsBeixbURkuhQAwrK5UwLGTwt4=
github.com/pkg/errors v0.9.1/go.mod h1:bwawxfHBFNV+L2hUp1rHADufV3IMtnDRdf1r5NINEl0=
github.com/pmezard/go-difflib v1.0.0 h1:4DBwDE0NGyQoBHbLQYPwSUPoCMWR5BEzIk/f1lZbAQM=
github.com/pmezard/go-difflib v1.0.0/go.mod h1:iKH77koFhYxTK1pcRnkKkqfTogsbg7gZNVY4sRDYZ/4=
github.com/stretchr/testify v1.11.1 h1:7s2iGBzp5EwR7/aIZr8ao5+dra3wiQyKjjFuvgVKu7U=
github.com/stretchr/testify v1.11.1/go.mod h1:wZwfW3scLgRK+23gO65QZefKpKQRnfz6sD981Nm4B6U=
golang.org/x/net v0.43.0 h1:lat02VYK2j4aLzMzecihNvTlJNQUq316m2Mr9rnM6YE=
golang.org/x/net v0.43.0/go.mod h1:vhO1fvI4dGsIjh73sWfUVjj3N7CA9WkKJNQm2svM6Jg=
golang.org/x/time v0.12.0 h1:ScB/8o8olJvc+CQPWrK3fPZNfh7qgwCrY0zJmoEQLSE=
golang.org/x/time v0.12.0/go.mod h1:CDIdPxbZBQxdj6cxyCIdrNogrJKMJ7pr37NYpMcMDSg=
gopkg.in/check.v1 v0.0.0-20161208181325-20d25e280405 h1:yhCVgyC4o1eVCa2tZl7eS0r+SDo693bJlVdllGtEeKM=
gopkg.in/check.v1 v0.0.0-20161208181325-20d25e280405/go.mod h1:Co6ibVJAznAaIkqp8huTwlJQCZ016jof/cbN4VW5Yz0=
gopkg.in/yaml.v3 v3.0.1 h1:fxVm/GzAzEWqLHuvctI91KS9hhNmmWOoWu0XTYJS7CA=
gopkg.in/yaml.v3 v3.0.1/go.mod h1:K4uyk7z7BCEPqu6E+C64Yfv1cQ7kz7rIZviUmN+EgEM=
